
Microsoft Visual Studio Solution File, Format Version 12.00
# Visual Studio 14
VisualStudioVersion = 14.0.25420.1
MinimumVisualStudioVersion = 10.0.40219.1
Project("{FAE04EC0-301F-11D3-BF4B-00C04F79EFBC}") = "HeartRate", "HeartRate\HeartRate.csproj", "{D339DD16-CC2C-44B1-BA49-99A4E48CFCC1}"
EndProject
Project("{FAE04EC0-301F-11D3-BF4B-00C04F79EFBC}") = "UnitTest", "UnitTest\UnitTest.csproj", "{3355F4AC-C8FC-44CB-B109-44868D65C2CD}"
EndProject
Global
	GlobalSection(SolutionConfigurationPlatforms) = preSolution
		Debug|Any CPU = Debug|Any CPU
		Release|Any CPU = Release|Any CPU
	EndGlobalSection
	GlobalSection(ProjectConfigurationPlatforms) = postSolution
		{D339DD16-CC2C-44B1-BA49-99A4E48CFCC1}.Debug|Any CPU.ActiveCfg = Debug|Any CPU
		{D339DD16-CC2C-44B1-BA49-99A4E48CFCC1}.Debug|Any CPU.Build.0 = Debug|Any CPU
		{D339DD16-CC2C-44B1-BA49-99A4E48CFCC1}.Release|Any CPU.ActiveCfg = Release|Any CPU
		{D339DD16-CC2C-44B1-BA49-99A4E48CFCC1}.Release|Any CPU.Build.0 = Release|Any CPU
		{3355F4AC-C8FC-44CB-B109-44868D65C2CD}.Debug|Any CPU.ActiveCfg = Debug|Any CPU
		{3355F4AC-C8FC-44CB-B109-44868D65C2CD}.Debug|Any CPU.Build.0 = Debug|Any CPU
		{3355F4AC-C8FC-44CB-B109-44868D65C2CD}.Release|Any CPU.ActiveCfg = Release|Any CPU
		{3355F4AC-C8FC-44CB-B109-44868D65C2CD}.Release|Any CPU.Build.0 = Release|Any CPU
	EndGlobalSection
	GlobalSection(SolutionProperties) = preSolution
		HideSolutionNode = FALSE
	EndGlobalSection
EndGlobal
